
Microsoft Visual Studio Solution File, Format Version 12.00
# Visual Studio Version 16
VisualStudioVersion = 16.0.30413.136
MinimumVisualStudioVersion = 10.0.40219.1
Project("{FAE04EC0-301F-11D3-BF4B-00C04F79EFBC}") = "HTFOOD", "HTFOOD\HTFOOD.csproj", "{A7E185E2-D812-4034-B2B3-D748BF082475}"
EndProject
Global
	GlobalSection(SolutionConfigurationPlatforms) = preSolution
		Debug|Any CPU = Debug|Any CPU
		Release|Any CPU = Release|Any CPU
	EndGlobalSection
	GlobalSection(ProjectConfigurationPlatforms) = postSolution
		{A7E185E2-D812-4034-B2B3-D748BF082475}.Debug|Any CPU.ActiveCfg = Debug|Any CPU
		{A7E185E2-D812-4034-B2B3-D748BF082475}.Debug|Any CPU.Build.0 = Debug|Any CPU
		{A7E185E2-D812-4034-B2B3-D748BF082475}.Release|Any CPU.ActiveCfg = Release|Any CPU
		{A7E185E2-D812-4034-B2B3-D748BF082475}.Release|Any CPU.Build.0 = Release|Any CPU
	EndGlobalSection
	GlobalSection(SolutionProperties) = preSolution
		HideSolutionNode = FALSE
	EndGlobalSection
	GlobalSection(ExtensibilityGlobals) = postSolution
		SolutionGuid = {1BC28F4C-622B-4442-95CE-38C2E4FCDDBC}
	EndGlobalSection
EndGlobal
